// !$*UTF8*$!
{
	archiveVersion = 1;
	classes = {
	};
	objectVersion = 77;
	objects = {

/* Begin PBXBuildFile section */
		60A514752D43DF06000B5F63 /* WidgetKit.framework in Frameworks */ = {isa = PBXBuildFile; fileRef = 60A514742D43DF06000B5F63 /* WidgetKit.framework */; };
		60A514762D43DF06000B5F63 /* SwiftUI.framework in Frameworks */ = {isa = PBXBuildFile; fileRef = 60A5145D2D43D2B5000B5F63 /* SwiftUI.framework */; };
		60A5147F2D43DF07000B5F63 /* WinCounterComplicationExtension.appex in Embed Foundation Extensions */ = {isa = PBXBuildFile; fileRef = 60A514732D43DF06000B5F63 /* WinCounterComplicationExtension.appex */; settings = {ATTRIBUTES = (RemoveHeadersOnCopy, ); }; };
		60AFA7022D3FADE00065A4AC /* WatchWinCounter Watch App.app in Embed Watch Content */ = {isa = PBXBuildFile; fileRef = 60AFA6F52D3FADDF0065A4AC /* WatchWinCounter Watch App.app */; settings = {ATTRIBUTES = (RemoveHeadersOnCopy, ); }; };
		60C2BCB92D81990500F07529 /* Preview Assets.xcassets in Resources */ = {isa = PBXBuildFile; fileRef = 60C2BC932D81990500F07529 /* Preview Assets.xcassets */; };
		60C2BCBA2D81990500F07529 /* Assets.xcassets in Resources */ = {isa = PBXBuildFile; fileRef = 60C2BCB52D81990500F07529 /* Assets.xcassets */; };
		60C2BCC02D81990500F07529 /* SparringStatisticDetailView.swift in Sources */ = {isa = PBXBuildFile; fileRef = 60C2BC962D81990500F07529 /* SparringStatisticDetailView.swift */; };
		60C2BCC12D81990500F07529 /* SparringStatisticDVViewModel.swift in Sources */ = {isa = PBXBuildFile; fileRef = 60C2BC972D81990500F07529 /* SparringStatisticDVViewModel.swift */; };
		60C2BCC22D81990500F07529 /* StatisticViews.swift in Sources */ = {isa = PBXBuildFile; fileRef = 60C2BC992D81990500F07529 /* StatisticViews.swift */; };
		60C2BCC32D81990500F07529 /* StatisticViews-ViewModel.swift in Sources */ = {isa = PBXBuildFile; fileRef = 60C2BC9A2D81990500F07529 /* StatisticViews-ViewModel.swift */; };
		60C2BCC42D81990500F07529 /* AddNewPlayer.swift in Sources */ = {isa = PBXBuildFile; fileRef = 60C2BC9C2D81990500F07529 /* AddNewPlayer.swift */; };
		60C2BCC52D81990500F07529 /* AddNewPlayer-ViewModel.swift in Sources */ = {isa = PBXBuildFile; fileRef = 60C2BC9D2D81990500F07529 /* AddNewPlayer-ViewModel.swift */; };
		60C2BCC62D81990500F07529 /* AddNewSparring.swift in Sources */ = {isa = PBXBuildFile; fileRef = 60C2BC9E2D81990500F07529 /* AddNewSparring.swift */; };
		60C2BCC72D81990500F07529 /* AddNewSparring-ViewModel.swift in Sources */ = {isa = PBXBuildFile; fileRef = 60C2BC9F2D81990500F07529 /* AddNewSparring-ViewModel.swift */; };
		60C2BCC82D81990500F07529 /* CircleCropperView.swift in Sources */ = {isa = PBXBuildFile; fileRef = 60C2BCA02D81990500F07529 /* CircleCropperView.swift */; };
		60C2BCC92D81990500F07529 /* CircleCropperView-ViewModel.swift in Sources */ = {isa = PBXBuildFile; fileRef = 60C2BCA12D81990500F07529 /* CircleCropperView-ViewModel.swift */; };
		60C2BCCA2D81990500F07529 /* ImagePickerView.swift in Sources */ = {isa = PBXBuildFile; fileRef = 60C2BCA22D81990500F07529 /* ImagePickerView.swift */; };
		60C2BCCB2D81990500F07529 /* MatchEditingView.swift in Sources */ = {isa = PBXBuildFile; fileRef = 60C2BCA32D81990500F07529 /* MatchEditingView.swift */; };
		60C2BCCC2D81990500F07529 /* MatchEditingView-ViewModel.swift in Sources */ = {isa = PBXBuildFile; fileRef = 60C2BCA42D81990500F07529 /* MatchEditingView-ViewModel.swift */; };
		60C2BCCD2D81990500F07529 /* MatchesView.swift in Sources */ = {isa = PBXBuildFile; fileRef = 60C2BCA52D81990500F07529 /* MatchesView.swift */; };
		60C2BCCE2D81990500F07529 /* MatchesView-ViewModel.swift in Sources */ = {isa = PBXBuildFile; fileRef = 60C2BCA62D81990500F07529 /* MatchesView-ViewModel.swift */; };
		60C2BCCF2D81990500F07529 /* PlayersDetail.swift in Sources */ = {isa = PBXBuildFile; fileRef = 60C2BCA72D81990500F07529 /* PlayersDetail.swift */; };
		60C2BCD02D81990500F07529 /* PlayersDetailView-ViewModel.swift in Sources */ = {isa = PBXBuildFile; fileRef = 60C2BCA82D81990500F07529 /* PlayersDetailView-ViewModel.swift */; };
		60C2BCD12D81990500F07529 /* PlayersImageInsertOptions.swift in Sources */ = {isa = PBXBuildFile; fileRef = 60C2BCA92D81990500F07529 /* PlayersImageInsertOptions.swift */; };
		60C2BCD22D81990500F07529 /* PlayersImageInsertOptions-ViewModel.swift in Sources */ = {isa = PBXBuildFile; fileRef = 60C2BCAA2D81990500F07529 /* PlayersImageInsertOptions-ViewModel.swift */; };
		60C2BCD32D81990500F07529 /* PlayersView.swift in Sources */ = {isa = PBXBuildFile; fileRef = 60C2BCAB2D81990500F07529 /* PlayersView.swift */; };
		60C2BCD42D81990500F07529 /* PlayersView-ViewModel.swift in Sources */ = {isa = PBXBuildFile; fileRef = 60C2BCAC2D81990500F07529 /* PlayersView-ViewModel.swift */; };
		60C2BCD52D81990500F07529 /* SparringView.swift in Sources */ = {isa = PBXBuildFile; fileRef = 60C2BCAD2D81990500F07529 /* SparringView.swift */; };
		60C2BCD62D81990500F07529 /* SparringView-ViewModel.swift in Sources */ = {isa = PBXBuildFile; fileRef = 60C2BCAE2D81990500F07529 /* SparringView-ViewModel.swift */; };
		60C2BCD72D81990500F07529 /* WinCounterApp.swift in Sources */ = {isa = PBXBuildFile; fileRef = 60C2BCAF2D81990500F07529 /* WinCounterApp.swift */; };
		60C2BCD82D81990500F07529 /* WinCounterTabView.swift in Sources */ = {isa = PBXBuildFile; fileRef = 60C2BCB02D81990500F07529 /* WinCounterTabView.swift */; };
		60C2BCDA2D81990500F07529 /* PlayersGroupsSegmentedPickerView.swift in Sources */ = {isa = PBXBuildFile; fileRef = 60C2BCB32D81990500F07529 /* PlayersGroupsSegmentedPickerView.swift */; };
		60C2BD1C2D81C8A200F07529 /* Preview Assets.xcassets in Resources */ = {isa = PBXBuildFile; fileRef = 60C2BD0B2D81C8A200F07529 /* Preview Assets.xcassets */; };
		60C2BD1D2D81C8A200F07529 /* Assets.xcassets in Resources */ = {isa = PBXBuildFile; fileRef = 60C2BD0F2D81C8A200F07529 /* Assets.xcassets */; };
		60C2BD1E2D81C8A200F07529 /* Assets 2.xcassets in Resources */ = {isa = PBXBuildFile; fileRef = 60C2BD102D81C8A200F07529 /* Assets 2.xcassets */; };
		60C2BD222D81C8A200F07529 /* AddNewMatchView.swift in Sources */ = {isa = PBXBuildFile; fileRef = 60C2BD0D2D81C8A200F07529 /* AddNewMatchView.swift */; };
		60C2BD232D81C8A200F07529 /* AddNewSparring.swift in Sources */ = {isa = PBXBuildFile; fileRef = 60C2BD0E2D81C8A200F07529 /* AddNewSparring.swift */; };
		60C2BD242D81C8A200F07529 /* MatchView.swift in Sources */ = {isa = PBXBuildFile; fileRef = 60C2BD112D81C8A200F07529 /* MatchView.swift */; };
		60C2BD252D81C8A200F07529 /* SparringView.swift in Sources */ = {isa = PBXBuildFile; fileRef = 60C2BD122D81C8A200F07529 /* SparringView.swift */; };
		60C2BD262D81C8A200F07529 /* WatchWinCounterApp.swift in Sources */ = {isa = PBXBuildFile; fileRef = 60C2BD142D81C8A200F07529 /* WatchWinCounterApp.swift */; };
		60C2BD342D81C8A200F07529 /* WinCounterComplication.swift in Sources */ = {isa = PBXBuildFile; fileRef = 60C2BD192D81C8A200F07529 /* WinCounterComplication.swift */; };
		60C2BD352D81C8A200F07529 /* Assets.xcassets in Resources */ = {isa = PBXBuildFile; fileRef = 60C2BD162D81C8A200F07529 /* Assets.xcassets */; };
		60C2BD362D81C8A200F07529 /* Assets 2.xcassets in Resources */ = {isa = PBXBuildFile; fileRef = 60C2BD172D81C8A200F07529 /* Assets 2.xcassets */; };
		60C2BD392D81C8ED00F07529 /* SparringView-ViewModel.swift in Sources */ = {isa = PBXBuildFile; fileRef = 60C2BD382D81C8ED00F07529 /* SparringView-ViewModel.swift */; };
		60C2BD3B2D81CACC00F07529 /* AddNewSparringView-ViewModel.swift in Sources */ = {isa = PBXBuildFile; fileRef = 60C2BD3A2D81CACC00F07529 /* AddNewSparringView-ViewModel.swift */; };
		60C2BD3D2D81E5B000F07529 /* AddNewMatchView-ViewModel.swift in Sources */ = {isa = PBXBuildFile; fileRef = 60C2BD3C2D81E5B000F07529 /* AddNewMatchView-ViewModel.swift */; };
		60C2BD3F2D82C9CC00F07529 /* MatchView-ViewModel.swift in Sources */ = {isa = PBXBuildFile; fileRef = 60C2BD3E2D82C9CC00F07529 /* MatchView-ViewModel.swift */; };
/* End PBXBuildFile section */

/* Begin PBXContainerItemProxy section */
		60A5147D2D43DF07000B5F63 /* PBXContainerItemProxy */ = {
			isa = PBXContainerItemProxy;
			containerPortal = 60152CCC2D37D32A003FA341 /* Project object */;
			proxyType = 1;
			remoteGlobalIDString = 60A514722D43DF06000B5F63;
			remoteInfo = WinCounterComplicationExtension;
		};
		60AFA7002D3FADE00065A4AC /* PBXContainerItemProxy */ = {
			isa = PBXContainerItemProxy;
			containerPortal = 60152CCC2D37D32A003FA341 /* Project object */;
			proxyType = 1;
			remoteGlobalIDString = 60AFA6F42D3FADDF0065A4AC;
			remoteInfo = "WatchWinCounter Watch App";
		};
/* End PBXContainerItemProxy section */

/* Begin PBXCopyFilesBuildPhase section */
		60A5146E2D43D2B6000B5F63 /* Embed Foundation Extensions */ = {
			isa = PBXCopyFilesBuildPhase;
			buildActionMask = 2147483647;
			dstPath = "";
			dstSubfolderSpec = 13;
			files = (
				60A5147F2D43DF07000B5F63 /* WinCounterComplicationExtension.appex in Embed Foundation Extensions */,
			);
			name = "Embed Foundation Extensions";
			runOnlyForDeploymentPostprocessing = 0;
		};
		60AFA7062D3FADE00065A4AC /* Embed Watch Content */ = {
			isa = PBXCopyFilesBuildPhase;
			buildActionMask = 2147483647;
			dstPath = "$(CONTENTS_FOLDER_PATH)/Watch";
			dstSubfolderSpec = 16;
			files = (
				60AFA7022D3FADE00065A4AC /* WatchWinCounter Watch App.app in Embed Watch Content */,
			);
			name = "Embed Watch Content";
			runOnlyForDeploymentPostprocessing = 0;
		};
/* End PBXCopyFilesBuildPhase section */

/* Begin PBXFileReference section */
		60152CD42D37D32A003FA341 /* WinCounter.app */ = {isa = PBXFileReference; explicitFileType = wrapper.application; includeInIndex = 0; path = WinCounter.app; sourceTree = BUILT_PRODUCTS_DIR; };
		60A5145D2D43D2B5000B5F63 /* SwiftUI.framework */ = {isa = PBXFileReference; lastKnownFileType = wrapper.framework; name = SwiftUI.framework; path = System/Library/Frameworks/SwiftUI.framework; sourceTree = SDKROOT; };
		60A514732D43DF06000B5F63 /* WinCounterComplicationExtension.appex */ = {isa = PBXFileReference; explicitFileType = "wrapper.app-extension"; includeInIndex = 0; path = WinCounterComplicationExtension.appex; sourceTree = BUILT_PRODUCTS_DIR; };
		60A514742D43DF06000B5F63 /* WidgetKit.framework */ = {isa = PBXFileReference; lastKnownFileType = wrapper.framework; name = WidgetKit.framework; path = System/Library/Frameworks/WidgetKit.framework; sourceTree = SDKROOT; };
		60AFA6F52D3FADDF0065A4AC /* WatchWinCounter Watch App.app */ = {isa = PBXFileReference; explicitFileType = wrapper.application; includeInIndex = 0; path = "WatchWinCounter Watch App.app"; sourceTree = BUILT_PRODUCTS_DIR; };
		60C2BC932D81990500F07529 /* Preview Assets.xcassets */ = {isa = PBXFileReference; lastKnownFileType = folder.assetcatalog; path = "Preview Assets.xcassets"; sourceTree = "<group>"; };
		60C2BC962D81990500F07529 /* SparringStatisticDetailView.swift */ = {isa = PBXFileReference; lastKnownFileType = sourcecode.swift; path = SparringStatisticDetailView.swift; sourceTree = "<group>"; };
		60C2BC972D81990500F07529 /* SparringStatisticDVViewModel.swift */ = {isa = PBXFileReference; lastKnownFileType = sourcecode.swift; path = SparringStatisticDVViewModel.swift; sourceTree = "<group>"; };
		60C2BC992D81990500F07529 /* StatisticViews.swift */ = {isa = PBXFileReference; lastKnownFileType = sourcecode.swift; path = StatisticViews.swift; sourceTree = "<group>"; };
		60C2BC9A2D81990500F07529 /* StatisticViews-ViewModel.swift */ = {isa = PBXFileReference; lastKnownFileType = sourcecode.swift; path = "StatisticViews-ViewModel.swift"; sourceTree = "<group>"; };
		60C2BC9C2D81990500F07529 /* AddNewPlayer.swift */ = {isa = PBXFileReference; lastKnownFileType = sourcecode.swift; path = AddNewPlayer.swift; sourceTree = "<group>"; };
		60C2BC9D2D81990500F07529 /* AddNewPlayer-ViewModel.swift */ = {isa = PBXFileReference; lastKnownFileType = sourcecode.swift; path = "AddNewPlayer-ViewModel.swift"; sourceTree = "<group>"; };
		60C2BC9E2D81990500F07529 /* AddNewSparring.swift */ = {isa = PBXFileReference; lastKnownFileType = sourcecode.swift; path = AddNewSparring.swift; sourceTree = "<group>"; };
		60C2BC9F2D81990500F07529 /* AddNewSparring-ViewModel.swift */ = {isa = PBXFileReference; lastKnownFileType = sourcecode.swift; path = "AddNewSparring-ViewModel.swift"; sourceTree = "<group>"; };
		60C2BCA02D81990500F07529 /* CircleCropperView.swift */ = {isa = PBXFileReference; lastKnownFileType = sourcecode.swift; path = CircleCropperView.swift; sourceTree = "<group>"; };
		60C2BCA12D81990500F07529 /* CircleCropperView-ViewModel.swift */ = {isa = PBXFileReference; lastKnownFileType = sourcecode.swift; path = "CircleCropperView-ViewModel.swift"; sourceTree = "<group>"; };
		60C2BCA22D81990500F07529 /* ImagePickerView.swift */ = {isa = PBXFileReference; lastKnownFileType = sourcecode.swift; path = ImagePickerView.swift; sourceTree = "<group>"; };
		60C2BCA32D81990500F07529 /* MatchEditingView.swift */ = {isa = PBXFileReference; lastKnownFileType = sourcecode.swift; path = MatchEditingView.swift; sourceTree = "<group>"; };
		60C2BCA42D81990500F07529 /* MatchEditingView-ViewModel.swift */ = {isa = PBXFileReference; lastKnownFileType = sourcecode.swift; path = "MatchEditingView-ViewModel.swift"; sourceTree = "<group>"; };
		60C2BCA52D81990500F07529 /* MatchesView.swift */ = {isa = PBXFileReference; lastKnownFileType = sourcecode.swift; path = MatchesView.swift; sourceTree = "<group>"; };
		60C2BCA62D81990500F07529 /* MatchesView-ViewModel.swift */ = {isa = PBXFileReference; lastKnownFileType = sourcecode.swift; path = "MatchesView-ViewModel.swift"; sourceTree = "<group>"; };
		60C2BCA72D81990500F07529 /* PlayersDetail.swift */ = {isa = PBXFileReference; lastKnownFileType = sourcecode.swift; path = PlayersDetail.swift; sourceTree = "<group>"; };
		60C2BCA82D81990500F07529 /* PlayersDetailView-ViewModel.swift */ = {isa = PBXFileReference; lastKnownFileType = sourcecode.swift; path = "PlayersDetailView-ViewModel.swift"; sourceTree = "<group>"; };
		60C2BCA92D81990500F07529 /* PlayersImageInsertOptions.swift */ = {isa = PBXFileReference; lastKnownFileType = sourcecode.swift; path = PlayersImageInsertOptions.swift; sourceTree = "<group>"; };
		60C2BCAA2D81990500F07529 /* PlayersImageInsertOptions-ViewModel.swift */ = {isa = PBXFileReference; lastKnownFileType = sourcecode.swift; path = "PlayersImageInsertOptions-ViewModel.swift"; sourceTree = "<group>"; };
		60C2BCAB2D81990500F07529 /* PlayersView.swift */ = {isa = PBXFileReference; lastKnownFileType = sourcecode.swift; path = PlayersView.swift; sourceTree = "<group>"; };
		60C2BCAC2D81990500F07529 /* PlayersView-ViewModel.swift */ = {isa = PBXFileReference; lastKnownFileType = sourcecode.swift; path = "PlayersView-ViewModel.swift"; sourceTree = "<group>"; };
		60C2BCAD2D81990500F07529 /* SparringView.swift */ = {isa = PBXFileReference; lastKnownFileType = sourcecode.swift; path = SparringView.swift; sourceTree = "<group>"; };
		60C2BCAE2D81990500F07529 /* SparringView-ViewModel.swift */ = {isa = PBXFileReference; lastKnownFileType = sourcecode.swift; path = "SparringView-ViewModel.swift"; sourceTree = "<group>"; };
		60C2BCAF2D81990500F07529 /* WinCounterApp.swift */ = {isa = PBXFileReference; lastKnownFileType = sourcecode.swift; path = WinCounterApp.swift; sourceTree = "<group>"; };
		60C2BCB02D81990500F07529 /* WinCounterTabView.swift */ = {isa = PBXFileReference; lastKnownFileType = sourcecode.swift; path = WinCounterTabView.swift; sourceTree = "<group>"; };
		60C2BCB32D81990500F07529 /* PlayersGroupsSegmentedPickerView.swift */ = {isa = PBXFileReference; lastKnownFileType = sourcecode.swift; path = PlayersGroupsSegmentedPickerView.swift; sourceTree = "<group>"; };
		60C2BCB52D81990500F07529 /* Assets.xcassets */ = {isa = PBXFileReference; lastKnownFileType = folder.assetcatalog; path = Assets.xcassets; sourceTree = "<group>"; };
		60C2BD0B2D81C8A200F07529 /* Preview Assets.xcassets */ = {isa = PBXFileReference; lastKnownFileType = folder.assetcatalog; path = "Preview Assets.xcassets"; sourceTree = "<group>"; };
		60C2BD0D2D81C8A200F07529 /* AddNewMatchView.swift */ = {isa = PBXFileReference; lastKnownFileType = sourcecode.swift; path = AddNewMatchView.swift; sourceTree = "<group>"; };
		60C2BD0E2D81C8A200F07529 /* AddNewSparring.swift */ = {isa = PBXFileReference; lastKnownFileType = sourcecode.swift; path = AddNewSparring.swift; sourceTree = "<group>"; };
		60C2BD0F2D81C8A200F07529 /* Assets.xcassets */ = {isa = PBXFileReference; lastKnownFileType = folder.assetcatalog; path = Assets.xcassets; sourceTree = "<group>"; };
		60C2BD102D81C8A200F07529 /* Assets 2.xcassets */ = {isa = PBXFileReference; lastKnownFileType = folder.assetcatalog; path = "Assets 2.xcassets"; sourceTree = "<group>"; };
		60C2BD112D81C8A200F07529 /* MatchView.swift */ = {isa = PBXFileReference; lastKnownFileType = sourcecode.swift; path = MatchView.swift; sourceTree = "<group>"; };
		60C2BD122D81C8A200F07529 /* SparringView.swift */ = {isa = PBXFileReference; lastKnownFileType = sourcecode.swift; path = SparringView.swift; sourceTree = "<group>"; };
		60C2BD132D81C8A200F07529 /* WatchWinCounter Watch App.entitlements */ = {isa = PBXFileReference; lastKnownFileType = text.plist.entitlements; path = "WatchWinCounter Watch App.entitlements"; sourceTree = "<group>"; };
		60C2BD142D81C8A200F07529 /* WatchWinCounterApp.swift */ = {isa = PBXFileReference; lastKnownFileType = sourcecode.swift; path = WatchWinCounterApp.swift; sourceTree = "<group>"; };
		60C2BD162D81C8A200F07529 /* Assets.xcassets */ = {isa = PBXFileReference; lastKnownFileType = folder.assetcatalog; path = Assets.xcassets; sourceTree = "<group>"; };
		60C2BD172D81C8A200F07529 /* Assets 2.xcassets */ = {isa = PBXFileReference; lastKnownFileType = folder.assetcatalog; path = "Assets 2.xcassets"; sourceTree = "<group>"; };
		60C2BD182D81C8A200F07529 /* Info.plist */ = {isa = PBXFileReference; lastKnownFileType = text.plist.xml; path = Info.plist; sourceTree = "<group>"; };
		60C2BD192D81C8A200F07529 /* WinCounterComplication.swift */ = {isa = PBXFileReference; lastKnownFileType = sourcecode.swift; path = WinCounterComplication.swift; sourceTree = "<group>"; };
		60C2BD382D81C8ED00F07529 /* SparringView-ViewModel.swift */ = {isa = PBXFileReference; lastKnownFileType = sourcecode.swift; path = "SparringView-ViewModel.swift"; sourceTree = "<group>"; };
		60C2BD3A2D81CACC00F07529 /* AddNewSparringView-ViewModel.swift */ = {isa = PBXFileReference; lastKnownFileType = sourcecode.swift; path = "AddNewSparringView-ViewModel.swift"; sourceTree = "<group>"; };
		60C2BD3C2D81E5B000F07529 /* AddNewMatchView-ViewModel.swift */ = {isa = PBXFileReference; lastKnownFileType = sourcecode.swift; path = "AddNewMatchView-ViewModel.swift"; sourceTree = "<group>"; };
		60C2BD3E2D82C9CC00F07529 /* MatchView-ViewModel.swift */ = {isa = PBXFileReference; lastKnownFileType = sourcecode.swift; path = "MatchView-ViewModel.swift"; sourceTree = "<group>"; };
/* End PBXFileReference section */

/* Begin PBXFileSystemSynchronizedBuildFileExceptionSet section */
		60C2BCDC2D8199A300F07529 /* Exceptions for "SupportingFiles" folder in "WinCounter" target */ = {
			isa = PBXFileSystemSynchronizedBuildFileExceptionSet;
			membershipExceptions = (
				Info.plist,
			);
			target = 60152CD32D37D32A003FA341 /* WinCounter */;
		};
/* End PBXFileSystemSynchronizedBuildFileExceptionSet section */

/* Begin PBXFileSystemSynchronizedRootGroup section */
		60AFA71A2D3FE4290065A4AC /* Model */ = {
			isa = PBXFileSystemSynchronizedRootGroup;
			path = Model;
			sourceTree = "<group>";
		};
		60C2BCDB2D81997900F07529 /* SupportingFiles */ = {
			isa = PBXFileSystemSynchronizedRootGroup;
			exceptions = (
				60C2BCDC2D8199A300F07529 /* Exceptions for "SupportingFiles" folder in "WinCounter" target */,
			);
			path = SupportingFiles;
			sourceTree = "<group>";
		};
		60C2BCDD2D8199F700F07529 /* Utilities */ = {
			isa = PBXFileSystemSynchronizedRootGroup;
			path = Utilities;
			sourceTree = "<group>";
		};
/* End PBXFileSystemSynchronizedRootGroup section */

/* Begin PBXFrameworksBuildPhase section */
		60152CD12D37D32A003FA341 /* Frameworks */ = {
			isa = PBXFrameworksBuildPhase;
			buildActionMask = 2147483647;
			files = (
			);
			runOnlyForDeploymentPostprocessing = 0;
		};
		60A514702D43DF06000B5F63 /* Frameworks */ = {
			isa = PBXFrameworksBuildPhase;
			buildActionMask = 2147483647;
			files = (
				60A514762D43DF06000B5F63 /* SwiftUI.framework in Frameworks */,
				60A514752D43DF06000B5F63 /* WidgetKit.framework in Frameworks */,
			);
			runOnlyForDeploymentPostprocessing = 0;
		};
		60AFA6F22D3FADDF0065A4AC /* Frameworks */ = {
			isa = PBXFrameworksBuildPhase;
			buildActionMask = 2147483647;
			files = (
			);
			runOnlyForDeploymentPostprocessing = 0;
		};
/* End PBXFrameworksBuildPhase section */

/* Begin PBXGroup section */
		60152CCB2D37D32A003FA341 = {
			isa = PBXGroup;
			children = (
				60C2BD1B2D81C8A200F07529 /* AppleWatch */,
				60152CD52D37D32A003FA341 /* Products */,
				60A5145A2D43D2B5000B5F63 /* Frameworks */,
				60AFA71A2D3FE4290065A4AC /* Model */,
				60C2BCB82D81990500F07529 /* WinCounter */,
			);
			sourceTree = "<group>";
		};
		60152CD52D37D32A003FA341 /* Products */ = {
			isa = PBXGroup;
			children = (
				60152CD42D37D32A003FA341 /* WinCounter.app */,
				60AFA6F52D3FADDF0065A4AC /* WatchWinCounter Watch App.app */,
				60A514732D43DF06000B5F63 /* WinCounterComplicationExtension.appex */,
			);
			name = Products;
			sourceTree = "<group>";
		};
		60A5145A2D43D2B5000B5F63 /* Frameworks */ = {
			isa = PBXGroup;
			children = (
				60A5145D2D43D2B5000B5F63 /* SwiftUI.framework */,
				60A514742D43DF06000B5F63 /* WidgetKit.framework */,
			);
			name = Frameworks;
			sourceTree = "<group>";
		};
		60C2BC942D81990500F07529 /* Preview Content */ = {
			isa = PBXGroup;
			children = (
				60C2BC932D81990500F07529 /* Preview Assets.xcassets */,
			);
			path = "Preview Content";
			sourceTree = "<group>";
		};
		60C2BCB42D81990500F07529 /* View */ = {
			isa = PBXGroup;
			children = (
				60C2BCA02D81990500F07529 /* CircleCropperView.swift */,
				60C2BCA22D81990500F07529 /* ImagePickerView.swift */,
				60C2BCA92D81990500F07529 /* PlayersImageInsertOptions.swift */,
				60C2BCA32D81990500F07529 /* MatchEditingView.swift */,
				60C2BCA52D81990500F07529 /* MatchesView.swift */,
				60C2BC9E2D81990500F07529 /* AddNewSparring.swift */,
				60C2BCAD2D81990500F07529 /* SparringView.swift */,
				60C2BC9C2D81990500F07529 /* AddNewPlayer.swift */,
				60C2BC962D81990500F07529 /* SparringStatisticDetailView.swift */,
				60C2BC992D81990500F07529 /* StatisticViews.swift */,
				60C2BCA72D81990500F07529 /* PlayersDetail.swift */,
				60C2BCAB2D81990500F07529 /* PlayersView.swift */,
				60C2BCB32D81990500F07529 /* PlayersGroupsSegmentedPickerView.swift */,
				60C2BCB02D81990500F07529 /* WinCounterTabView.swift */,
			);
			path = View;
			sourceTree = "<group>";
		};
		60C2BCB82D81990500F07529 /* WinCounter */ = {
			isa = PBXGroup;
			children = (
				60C2BCDD2D8199F700F07529 /* Utilities */,
				60C2BCDB2D81997900F07529 /* SupportingFiles */,
				60C2BC942D81990500F07529 /* Preview Content */,
				60C2BCE52D819A5300F07529 /* ViewModels */,
				60C2BCB42D81990500F07529 /* View */,
				60C2BCB52D81990500F07529 /* Assets.xcassets */,
				60C2BCAF2D81990500F07529 /* WinCounterApp.swift */,
			);
			path = WinCounter;
			sourceTree = "<group>";
		};
		60C2BCE52D819A5300F07529 /* ViewModels */ = {
			isa = PBXGroup;
			children = (
				60C2BC972D81990500F07529 /* SparringStatisticDVViewModel.swift */,
				60C2BCA12D81990500F07529 /* CircleCropperView-ViewModel.swift */,
				60C2BCAA2D81990500F07529 /* PlayersImageInsertOptions-ViewModel.swift */,
				60C2BCA42D81990500F07529 /* MatchEditingView-ViewModel.swift */,
				60C2BCA62D81990500F07529 /* MatchesView-ViewModel.swift */,
				60C2BC9F2D81990500F07529 /* AddNewSparring-ViewModel.swift */,
				60C2BCAE2D81990500F07529 /* SparringView-ViewModel.swift */,
				60C2BC9D2D81990500F07529 /* AddNewPlayer-ViewModel.swift */,
				60C2BC9A2D81990500F07529 /* StatisticViews-ViewModel.swift */,
				60C2BCA82D81990500F07529 /* PlayersDetailView-ViewModel.swift */,
				60C2BCAC2D81990500F07529 /* PlayersView-ViewModel.swift */,
			);
			path = ViewModels;
			sourceTree = "<group>";
		};
		60C2BD0C2D81C8A200F07529 /* Preview Content */ = {
			isa = PBXGroup;
			children = (
				60C2BD0B2D81C8A200F07529 /* Preview Assets.xcassets */,
			);
			path = "Preview Content";
			sourceTree = "<group>";
		};
		60C2BD152D81C8A200F07529 /* WatchWinCounter Watch App */ = {
			isa = PBXGroup;
			children = (
				60C2BD402D82E74C00F07529 /* ViewsModel */,
				60C2BD372D81C8B200F07529 /* Views */,
				60C2BD0C2D81C8A200F07529 /* Preview Content */,
				60C2BD0F2D81C8A200F07529 /* Assets.xcassets */,
				60C2BD102D81C8A200F07529 /* Assets 2.xcassets */,
				60C2BD132D81C8A200F07529 /* WatchWinCounter Watch App.entitlements */,
			);
			path = "WatchWinCounter Watch App";
			sourceTree = "<group>";
		};
		60C2BD1A2D81C8A200F07529 /* WinCounterComplication */ = {
			isa = PBXGroup;
			children = (
				60C2BD162D81C8A200F07529 /* Assets.xcassets */,
				60C2BD172D81C8A200F07529 /* Assets 2.xcassets */,
				60C2BD182D81C8A200F07529 /* Info.plist */,
				60C2BD192D81C8A200F07529 /* WinCounterComplication.swift */,
			);
			path = WinCounterComplication;
			sourceTree = "<group>";
		};
		60C2BD1B2D81C8A200F07529 /* AppleWatch */ = {
			isa = PBXGroup;
			children = (
				60C2BD152D81C8A200F07529 /* WatchWinCounter Watch App */,
				60C2BD1A2D81C8A200F07529 /* WinCounterComplication */,
			);
			path = AppleWatch;
			sourceTree = "<group>";
		};
		60C2BD372D81C8B200F07529 /* Views */ = {
			isa = PBXGroup;
			children = (
				60C2BD112D81C8A200F07529 /* MatchView.swift */,
				60C2BD0D2D81C8A200F07529 /* AddNewMatchView.swift */,
				60C2BD0E2D81C8A200F07529 /* AddNewSparring.swift */,
				60C2BD122D81C8A200F07529 /* SparringView.swift */,
				60C2BD142D81C8A200F07529 /* WatchWinCounterApp.swift */,
			);
			path = Views;
			sourceTree = "<group>";
		};
		60C2BD402D82E74C00F07529 /* ViewsModel */ = {
			isa = PBXGroup;
			children = (
				60C2BD3E2D82C9CC00F07529 /* MatchView-ViewModel.swift */,
				60C2BD3C2D81E5B000F07529 /* AddNewMatchView-ViewModel.swift */,
				60C2BD3A2D81CACC00F07529 /* AddNewSparringView-ViewModel.swift */,
				60C2BD382D81C8ED00F07529 /* SparringView-ViewModel.swift */,
			);
			path = ViewsModel;
			sourceTree = "<group>";
		};
/* End PBXGroup section */

/* Begin PBXNativeTarget section */
		60152CD32D37D32A003FA341 /* WinCounter */ = {
			isa = PBXNativeTarget;
			buildConfigurationList = 60152CE22D37D32B003FA341 /* Build configuration list for PBXNativeTarget "WinCounter" */;
			buildPhases = (
				60152CD02D37D32A003FA341 /* Sources */,
				60152CD12D37D32A003FA341 /* Frameworks */,
				60152CD22D37D32A003FA341 /* Resources */,
				60AFA7062D3FADE00065A4AC /* Embed Watch Content */,
			);
			buildRules = (
			);
			dependencies = (
				60AFA7012D3FADE00065A4AC /* PBXTargetDependency */,
			);
			fileSystemSynchronizedGroups = (
				60AFA71A2D3FE4290065A4AC /* Model */,
				60C2BCDB2D81997900F07529 /* SupportingFiles */,
				60C2BCDD2D8199F700F07529 /* Utilities */,
			);
			name = WinCounter;
			packageProductDependencies = (
			);
			productName = WinCounter;
			productReference = 60152CD42D37D32A003FA341 /* WinCounter.app */;
			productType = "com.apple.product-type.application";
		};
		60A514722D43DF06000B5F63 /* WinCounterComplicationExtension */ = {
			isa = PBXNativeTarget;
			buildConfigurationList = 60A514802D43DF07000B5F63 /* Build configuration list for PBXNativeTarget "WinCounterComplicationExtension" */;
			buildPhases = (
				60A5146F2D43DF06000B5F63 /* Sources */,
				60A514702D43DF06000B5F63 /* Frameworks */,
				60A514712D43DF06000B5F63 /* Resources */,
			);
			buildRules = (
			);
			dependencies = (
			);
			name = WinCounterComplicationExtension;
			packageProductDependencies = (
			);
			productName = WinCounterComplicationExtension;
			productReference = 60A514732D43DF06000B5F63 /* WinCounterComplicationExtension.appex */;
			productType = "com.apple.product-type.app-extension";
		};
		60AFA6F42D3FADDF0065A4AC /* WatchWinCounter Watch App */ = {
			isa = PBXNativeTarget;
			buildConfigurationList = 60AFA7032D3FADE00065A4AC /* Build configuration list for PBXNativeTarget "WatchWinCounter Watch App" */;
			buildPhases = (
				60AFA6F12D3FADDF0065A4AC /* Sources */,
				60AFA6F22D3FADDF0065A4AC /* Frameworks */,
				60AFA6F32D3FADDF0065A4AC /* Resources */,
				60A5146E2D43D2B6000B5F63 /* Embed Foundation Extensions */,
			);
			buildRules = (
			);
			dependencies = (
				60A5147E2D43DF07000B5F63 /* PBXTargetDependency */,
			);
			fileSystemSynchronizedGroups = (
				60AFA71A2D3FE4290065A4AC /* Model */,
			);
			name = "WatchWinCounter Watch App";
			packageProductDependencies = (
			);
			productName = "WatchWinCounter Watch App";
			productReference = 60AFA6F52D3FADDF0065A4AC /* WatchWinCounter Watch App.app */;
			productType = "com.apple.product-type.application";
		};
/* End PBXNativeTarget section */

/* Begin PBXProject section */
		60152CCC2D37D32A003FA341 /* Project object */ = {
			isa = PBXProject;
			attributes = {
				BuildIndependentTargetsInParallel = 1;
				LastSwiftUpdateCheck = 1620;
				LastUpgradeCheck = 1620;
				TargetAttributes = {
					60152CD32D37D32A003FA341 = {
						CreatedOnToolsVersion = 16.2;
					};
					60A514722D43DF06000B5F63 = {
						CreatedOnToolsVersion = 16.2;
					};
					60AFA6F42D3FADDF0065A4AC = {
						CreatedOnToolsVersion = 16.2;
					};
				};
			};
			buildConfigurationList = 60152CCF2D37D32A003FA341 /* Build configuration list for PBXProject "WinCounter" */;
			developmentRegion = en;
			hasScannedForEncodings = 0;
			knownRegions = (
				en,
				Base,
			);
			mainGroup = 60152CCB2D37D32A003FA341;
			minimizedProjectReferenceProxies = 1;
			packageReferences = (
			);
			preferredProjectObjectVersion = 77;
			productRefGroup = 60152CD52D37D32A003FA341 /* Products */;
			projectDirPath = "";
			projectRoot = "";
			targets = (
				60152CD32D37D32A003FA341 /* WinCounter */,
				60AFA6F42D3FADDF0065A4AC /* WatchWinCounter Watch App */,
				60A514722D43DF06000B5F63 /* WinCounterComplicationExtension */,
			);
		};
/* End PBXProject section */

/* Begin PBXResourcesBuildPhase section */
		60152CD22D37D32A003FA341 /* Resources */ = {
			isa = PBXResourcesBuildPhase;
			buildActionMask = 2147483647;
			files = (
				60C2BCB92D81990500F07529 /* Preview Assets.xcassets in Resources */,
				60C2BCBA2D81990500F07529 /* Assets.xcassets in Resources */,
			);
			runOnlyForDeploymentPostprocessing = 0;
		};
		60A514712D43DF06000B5F63 /* Resources */ = {
			isa = PBXResourcesBuildPhase;
			buildActionMask = 2147483647;
			files = (
				60C2BD352D81C8A200F07529 /* Assets.xcassets in Resources */,
				60C2BD362D81C8A200F07529 /* Assets 2.xcassets in Resources */,
			);
			runOnlyForDeploymentPostprocessing = 0;
		};
		60AFA6F32D3FADDF0065A4AC /* Resources */ = {
			isa = PBXResourcesBuildPhase;
			buildActionMask = 2147483647;
			files = (
				60C2BD1C2D81C8A200F07529 /* Preview Assets.xcassets in Resources */,
				60C2BD1D2D81C8A200F07529 /* Assets.xcassets in Resources */,
				60C2BD1E2D81C8A200F07529 /* Assets 2.xcassets in Resources */,
			);
			runOnlyForDeploymentPostprocessing = 0;
		};
/* End PBXResourcesBuildPhase section */

/* Begin PBXSourcesBuildPhase section */
		60152CD02D37D32A003FA341 /* Sources */ = {
			isa = PBXSourcesBuildPhase;
			buildActionMask = 2147483647;
			files = (
				60C2BCC02D81990500F07529 /* SparringStatisticDetailView.swift in Sources */,
				60C2BCC12D81990500F07529 /* SparringStatisticDVViewModel.swift in Sources */,
				60C2BCC22D81990500F07529 /* StatisticViews.swift in Sources */,
				60C2BCC32D81990500F07529 /* StatisticViews-ViewModel.swift in Sources */,
				60C2BCC42D81990500F07529 /* AddNewPlayer.swift in Sources */,
				60C2BCC52D81990500F07529 /* AddNewPlayer-ViewModel.swift in Sources */,
				60C2BCC62D81990500F07529 /* AddNewSparring.swift in Sources */,
				60C2BCC72D81990500F07529 /* AddNewSparring-ViewModel.swift in Sources */,
				60C2BCC82D81990500F07529 /* CircleCropperView.swift in Sources */,
				60C2BCC92D81990500F07529 /* CircleCropperView-ViewModel.swift in Sources */,
				60C2BCCA2D81990500F07529 /* ImagePickerView.swift in Sources */,
				60C2BCCB2D81990500F07529 /* MatchEditingView.swift in Sources */,
				60C2BCCC2D81990500F07529 /* MatchEditingView-ViewModel.swift in Sources */,
				60C2BCCD2D81990500F07529 /* MatchesView.swift in Sources */,
				60C2BCCE2D81990500F07529 /* MatchesView-ViewModel.swift in Sources */,
				60C2BCCF2D81990500F07529 /* PlayersDetail.swift in Sources */,
				60C2BCD02D81990500F07529 /* PlayersDetailView-ViewModel.swift in Sources */,
				60C2BCD12D81990500F07529 /* PlayersImageInsertOptions.swift in Sources */,
				60C2BCD22D81990500F07529 /* PlayersImageInsertOptions-ViewModel.swift in Sources */,
				60C2BCD32D81990500F07529 /* PlayersView.swift in Sources */,
				60C2BCD42D81990500F07529 /* PlayersView-ViewModel.swift in Sources */,
				60C2BCD52D81990500F07529 /* SparringView.swift in Sources */,
				60C2BCD62D81990500F07529 /* SparringView-ViewModel.swift in Sources */,
				60C2BCD72D81990500F07529 /* WinCounterApp.swift in Sources */,
				60C2BCD82D81990500F07529 /* WinCounterTabView.swift in Sources */,
				60C2BCDA2D81990500F07529 /* PlayersGroupsSegmentedPickerView.swift in Sources */,
			);
			runOnlyForDeploymentPostprocessing = 0;
		};
		60A5146F2D43DF06000B5F63 /* Sources */ = {
			isa = PBXSourcesBuildPhase;
			buildActionMask = 2147483647;
			files = (
				60C2BD342D81C8A200F07529 /* WinCounterComplication.swift in Sources */,
			);
			runOnlyForDeploymentPostprocessing = 0;
		};
		60AFA6F12D3FADDF0065A4AC /* Sources */ = {
			isa = PBXSourcesBuildPhase;
			buildActionMask = 2147483647;
			files = (
				60C2BD3B2D81CACC00F07529 /* AddNewSparringView-ViewModel.swift in Sources */,
				60C2BD3D2D81E5B000F07529 /* AddNewMatchView-ViewModel.swift in Sources */,
				60C2BD392D81C8ED00F07529 /* SparringView-ViewModel.swift in Sources */,
				60C2BD222D81C8A200F07529 /* AddNewMatchView.swift in Sources */,
				60C2BD3F2D82C9CC00F07529 /* MatchView-ViewModel.swift in Sources */,
				60C2BD232D81C8A200F07529 /* AddNewSparring.swift in Sources */,
				60C2BD242D81C8A200F07529 /* MatchView.swift in Sources */,
				60C2BD252D81C8A200F07529 /* SparringView.swift in Sources */,
				60C2BD262D81C8A200F07529 /* WatchWinCounterApp.swift in Sources */,
			);
			runOnlyForDeploymentPostprocessing = 0;
		};
/* End PBXSourcesBuildPhase section */

/* Begin PBXTargetDependency section */
		60A5147E2D43DF07000B5F63 /* PBXTargetDependency */ = {
			isa = PBXTargetDependency;
			target = 60A514722D43DF06000B5F63 /* WinCounterComplicationExtension */;
			targetProxy = 60A5147D2D43DF07000B5F63 /* PBXContainerItemProxy */;
		};
		60AFA7012D3FADE00065A4AC /* PBXTargetDependency */ = {
			isa = PBXTargetDependency;
			target = 60AFA6F42D3FADDF0065A4AC /* WatchWinCounter Watch App */;
			targetProxy = 60AFA7002D3FADE00065A4AC /* PBXContainerItemProxy */;
		};
/* End PBXTargetDependency section */

/* Begin XCBuildConfiguration section */
		60152CE02D37D32B003FA341 /* Debug */ = {
			isa = XCBuildConfiguration;
			buildSettings = {
				ALWAYS_SEARCH_USER_PATHS = NO;
				ASSETCATALOG_COMPILER_GENERATE_SWIFT_ASSET_SYMBOL_EXTENSIONS = YES;
				CLANG_ANALYZER_NONNULL = YES;
				CLANG_ANALYZER_NUMBER_OBJECT_CONVERSION = YES_AGGRESSIVE;
				CLANG_CXX_LANGUAGE_STANDARD = "gnu++20";
				CLANG_ENABLE_MODULES = YES;
				CLANG_ENABLE_OBJC_ARC = YES;
				CLANG_ENABLE_OBJC_WEAK = YES;
				CLANG_WARN_BLOCK_CAPTURE_AUTORELEASING = YES;
				CLANG_WARN_BOOL_CONVERSION = YES;
				CLANG_WARN_COMMA = YES;
				CLANG_WARN_CONSTANT_CONVERSION = YES;
				CLANG_WARN_DEPRECATED_OBJC_IMPLEMENTATIONS = YES;
				CLANG_WARN_DIRECT_OBJC_ISA_USAGE = YES_ERROR;
				CLANG_WARN_DOCUMENTATION_COMMENTS = YES;
				CLANG_WARN_EMPTY_BODY = YES;
				CLANG_WARN_ENUM_CONVERSION = YES;
				CLANG_WARN_INFINITE_RECURSION = YES;
				CLANG_WARN_INT_CONVERSION = YES;
				CLANG_WARN_NON_LITERAL_NULL_CONVERSION = YES;
				CLANG_WARN_OBJC_IMPLICIT_RETAIN_SELF = YES;
				CLANG_WARN_OBJC_LITERAL_CONVERSION = YES;
				CLANG_WARN_OBJC_ROOT_CLASS = YES_ERROR;
				CLANG_WARN_QUOTED_INCLUDE_IN_FRAMEWORK_HEADER = YES;
				CLANG_WARN_RANGE_LOOP_ANALYSIS = YES;
				CLANG_WARN_STRICT_PROTOTYPES = YES;
				CLANG_WARN_SUSPICIOUS_MOVE = YES;
				CLANG_WARN_UNGUARDED_AVAILABILITY = YES_AGGRESSIVE;
				CLANG_WARN_UNREACHABLE_CODE = YES;
				CLANG_WARN__DUPLICATE_METHOD_MATCH = YES;
				COPY_PHASE_STRIP = NO;
				DEBUG_INFORMATION_FORMAT = dwarf;
				ENABLE_STRICT_OBJC_MSGSEND = YES;
				ENABLE_TESTABILITY = YES;
				ENABLE_USER_SCRIPT_SANDBOXING = YES;
				GCC_C_LANGUAGE_STANDARD = gnu17;
				GCC_DYNAMIC_NO_PIC = NO;
				GCC_NO_COMMON_BLOCKS = YES;
				GCC_OPTIMIZATION_LEVEL = 0;
				GCC_PREPROCESSOR_DEFINITIONS = (
					"DEBUG=1",
					"$(inherited)",
				);
				GCC_WARN_64_TO_32_BIT_CONVERSION = YES;
				GCC_WARN_ABOUT_RETURN_TYPE = YES_ERROR;
				GCC_WARN_UNDECLARED_SELECTOR = YES;
				GCC_WARN_UNINITIALIZED_AUTOS = YES_AGGRESSIVE;
				GCC_WARN_UNUSED_FUNCTION = YES;
				GCC_WARN_UNUSED_VARIABLE = YES;
				IPHONEOS_DEPLOYMENT_TARGET = 18.2;
				LOCALIZATION_PREFERS_STRING_CATALOGS = YES;
				MTL_ENABLE_DEBUG_INFO = INCLUDE_SOURCE;
				MTL_FAST_MATH = YES;
				ONLY_ACTIVE_ARCH = YES;
				SDKROOT = iphoneos;
				SWIFT_ACTIVE_COMPILATION_CONDITIONS = "DEBUG $(inherited)";
				SWIFT_OPTIMIZATION_LEVEL = "-Onone";
			};
			name = Debug;
		};
		60152CE12D37D32B003FA341 /* Release */ = {
			isa = XCBuildConfiguration;
			buildSettings = {
				ALWAYS_SEARCH_USER_PATHS = NO;
				ASSETCATALOG_COMPILER_GENERATE_SWIFT_ASSET_SYMBOL_EXTENSIONS = YES;
				CLANG_ANALYZER_NONNULL = YES;
				CLANG_ANALYZER_NUMBER_OBJECT_CONVERSION = YES_AGGRESSIVE;
				CLANG_CXX_LANGUAGE_STANDARD = "gnu++20";
				CLANG_ENABLE_MODULES = YES;
				CLANG_ENABLE_OBJC_ARC = YES;
				CLANG_ENABLE_OBJC_WEAK = YES;
				CLANG_WARN_BLOCK_CAPTURE_AUTORELEASING = YES;
				CLANG_WARN_BOOL_CONVERSION = YES;
				CLANG_WARN_COMMA = YES;
				CLANG_WARN_CONSTANT_CONVERSION = YES;
				CLANG_WARN_DEPRECATED_OBJC_IMPLEMENTATIONS = YES;
				CLANG_WARN_DIRECT_OBJC_ISA_USAGE = YES_ERROR;
				CLANG_WARN_DOCUMENTATION_COMMENTS = YES;
				CLANG_WARN_EMPTY_BODY = YES;
				CLANG_WARN_ENUM_CONVERSION = YES;
				CLANG_WARN_INFINITE_RECURSION = YES;
				CLANG_WARN_INT_CONVERSION = YES;
				CLANG_WARN_NON_LITERAL_NULL_CONVERSION = YES;
				CLANG_WARN_OBJC_IMPLICIT_RETAIN_SELF = YES;
				CLANG_WARN_OBJC_LITERAL_CONVERSION = YES;
				CLANG_WARN_OBJC_ROOT_CLASS = YES_ERROR;
				CLANG_WARN_QUOTED_INCLUDE_IN_FRAMEWORK_HEADER = YES;
				CLANG_WARN_RANGE_LOOP_ANALYSIS = YES;
				CLANG_WARN_STRICT_PROTOTYPES = YES;
				CLANG_WARN_SUSPICIOUS_MOVE = YES;
				CLANG_WARN_UNGUARDED_AVAILABILITY = YES_AGGRESSIVE;
				CLANG_WARN_UNREACHABLE_CODE = YES;
				CLANG_WARN__DUPLICATE_METHOD_MATCH = YES;
				COPY_PHASE_STRIP = NO;
				DEBUG_INFORMATION_FORMAT = "dwarf-with-dsym";
				ENABLE_NS_ASSERTIONS = NO;
				ENABLE_STRICT_OBJC_MSGSEND = YES;
				ENABLE_USER_SCRIPT_SANDBOXING = YES;
				GCC_C_LANGUAGE_STANDARD = gnu17;
				GCC_NO_COMMON_BLOCKS = YES;
				GCC_WARN_64_TO_32_BIT_CONVERSION = YES;
				GCC_WARN_ABOUT_RETURN_TYPE = YES_ERROR;
				GCC_WARN_UNDECLARED_SELECTOR = YES;
				GCC_WARN_UNINITIALIZED_AUTOS = YES_AGGRESSIVE;
				GCC_WARN_UNUSED_FUNCTION = YES;
				GCC_WARN_UNUSED_VARIABLE = YES;
				IPHONEOS_DEPLOYMENT_TARGET = 18.2;
				LOCALIZATION_PREFERS_STRING_CATALOGS = YES;
				MTL_ENABLE_DEBUG_INFO = NO;
				MTL_FAST_MATH = YES;
				SDKROOT = iphoneos;
				SWIFT_COMPILATION_MODE = wholemodule;
				VALIDATE_PRODUCT = YES;
			};
			name = Release;
		};
		60152CE32D37D32B003FA341 /* Debug */ = {
			isa = XCBuildConfiguration;
			buildSettings = {
				ASSETCATALOG_COMPILER_APPICON_NAME = AppIcon;
				ASSETCATALOG_COMPILER_GLOBAL_ACCENT_COLOR_NAME = AccentColor;
				CODE_SIGN_ENTITLEMENTS = WinCounter/SupportingFiles/WinCounter.entitlements;
				CODE_SIGN_IDENTITY = "Apple Development";
				CODE_SIGN_STYLE = Automatic;
				CURRENT_PROJECT_VERSION = 3.1;
				DEVELOPMENT_ASSET_PATHS = "\"WinCounter/Preview Content\"";
				DEVELOPMENT_TEAM = 24YMS45SS2;
				ENABLE_PREVIEWS = YES;
				GENERATE_INFOPLIST_FILE = YES;
				INFOPLIST_FILE = WinCounter/SupportingFiles/Info.plist;
				INFOPLIST_KEY_UIApplicationSceneManifest_Generation = YES;
				INFOPLIST_KEY_UIApplicationSupportsIndirectInputEvents = YES;
				INFOPLIST_KEY_UILaunchScreen_Generation = YES;
				INFOPLIST_KEY_UISupportedInterfaceOrientations_iPad = "UIInterfaceOrientationPortrait UIInterfaceOrientationPortraitUpsideDown UIInterfaceOrientationLandscapeLeft UIInterfaceOrientationLandscapeRight";
				INFOPLIST_KEY_UISupportedInterfaceOrientations_iPhone = "UIInterfaceOrientationPortrait UIInterfaceOrientationLandscapeLeft UIInterfaceOrientationLandscapeRight";
				IPHONEOS_DEPLOYMENT_TARGET = 18.0;
				LD_RUNPATH_SEARCH_PATHS = (
					"$(inherited)",
					"@executable_path/Frameworks",
				);
				MARKETING_VERSION = 1.0.0;
				PRODUCT_BUNDLE_IDENTIFIER = com.patrykdanielewicz.WinCounter;
				PRODUCT_NAME = "$(TARGET_NAME)";
				PROVISIONING_PROFILE_SPECIFIER = "";
				SWIFT_EMIT_LOC_STRINGS = YES;
				SWIFT_VERSION = 5.0;
				TARGETED_DEVICE_FAMILY = "1,2";
			};
			name = Debug;
		};
		60152CE42D37D32B003FA341 /* Release */ = {
			isa = XCBuildConfiguration;
			buildSettings = {
				ASSETCATALOG_COMPILER_APPICON_NAME = AppIcon;
				ASSETCATALOG_COMPILER_GLOBAL_ACCENT_COLOR_NAME = AccentColor;
				CODE_SIGN_ENTITLEMENTS = WinCounter/SupportingFiles/WinCounter.entitlements;
				CODE_SIGN_IDENTITY = "Apple Development";
				CODE_SIGN_STYLE = Automatic;
				CURRENT_PROJECT_VERSION = 3.1;
				DEVELOPMENT_ASSET_PATHS = "\"WinCounter/Preview Content\"";
				DEVELOPMENT_TEAM = 24YMS45SS2;
				ENABLE_PREVIEWS = YES;
				GENERATE_INFOPLIST_FILE = YES;
				INFOPLIST_FILE = WinCounter/SupportingFiles/Info.plist;
				INFOPLIST_KEY_UIApplicationSceneManifest_Generation = YES;
				INFOPLIST_KEY_UIApplicationSupportsIndirectInputEvents = YES;
				INFOPLIST_KEY_UILaunchScreen_Generation = YES;
				INFOPLIST_KEY_UISupportedInterfaceOrientations_iPad = "UIInterfaceOrientationPortrait UIInterfaceOrientationPortraitUpsideDown UIInterfaceOrientationLandscapeLeft UIInterfaceOrientationLandscapeRight";
				INFOPLIST_KEY_UISupportedInterfaceOrientations_iPhone = "UIInterfaceOrientationPortrait UIInterfaceOrientationLandscapeLeft UIInterfaceOrientationLandscapeRight";
				IPHONEOS_DEPLOYMENT_TARGET = 18.0;
				LD_RUNPATH_SEARCH_PATHS = (
					"$(inherited)",
					"@executable_path/Frameworks",
				);
				MARKETING_VERSION = 1.0.0;
				PRODUCT_BUNDLE_IDENTIFIER = com.patrykdanielewicz.WinCounter;
				PRODUCT_NAME = "$(TARGET_NAME)";
				PROVISIONING_PROFILE_SPECIFIER = "";
				SWIFT_EMIT_LOC_STRINGS = YES;
				SWIFT_VERSION = 5.0;
				TARGETED_DEVICE_FAMILY = "1,2";
			};
			name = Release;
		};
		60A514812D43DF07000B5F63 /* Debug */ = {
			isa = XCBuildConfiguration;
			buildSettings = {
				ASSETCATALOG_COMPILER_GLOBAL_ACCENT_COLOR_NAME = AccentColor;
				ASSETCATALOG_COMPILER_WIDGET_BACKGROUND_COLOR_NAME = WidgetBackground;
				CODE_SIGN_IDENTITY = "Apple Development";
				CODE_SIGN_STYLE = Automatic;
				CURRENT_PROJECT_VERSION = 1;
				DEVELOPMENT_TEAM = 24YMS45SS2;
				GENERATE_INFOPLIST_FILE = YES;
				INFOPLIST_FILE = AppleWatch/WinCounterComplication/Info.plist;
				INFOPLIST_KEY_CFBundleDisplayName = WinCounterComplication;
				INFOPLIST_KEY_NSHumanReadableCopyright = "";
				LD_RUNPATH_SEARCH_PATHS = (
					"$(inherited)",
					"@executable_path/Frameworks",
					"@executable_path/../../Frameworks",
					"@executable_path/../../../../Frameworks",
				);
				MARKETING_VERSION = 1.0;
				PRODUCT_BUNDLE_IDENTIFIER = com.patrykdanielewicz.WinCounter.watchkitapp.WinCounterComplication;
				PRODUCT_NAME = "$(TARGET_NAME)";
				SDKROOT = watchos;
				SKIP_INSTALL = YES;
				SWIFT_EMIT_LOC_STRINGS = YES;
				SWIFT_VERSION = 5.0;
				TARGETED_DEVICE_FAMILY = 4;
				WATCHOS_DEPLOYMENT_TARGET = 11.2;
			};
			name = Debug;
		};
		60A514822D43DF07000B5F63 /* Release */ = {
			isa = XCBuildConfiguration;
			buildSettings = {
				ASSETCATALOG_COMPILER_GLOBAL_ACCENT_COLOR_NAME = AccentColor;
				ASSETCATALOG_COMPILER_WIDGET_BACKGROUND_COLOR_NAME = WidgetBackground;
				CODE_SIGN_IDENTITY = "Apple Development";
				CODE_SIGN_STYLE = Automatic;
				CURRENT_PROJECT_VERSION = 1;
				DEVELOPMENT_TEAM = 24YMS45SS2;
				GENERATE_INFOPLIST_FILE = YES;
				INFOPLIST_FILE = AppleWatch/WinCounterComplication/Info.plist;
				INFOPLIST_KEY_CFBundleDisplayName = WinCounterComplication;
				INFOPLIST_KEY_NSHumanReadableCopyright = "";
				LD_RUNPATH_SEARCH_PATHS = (
					"$(inherited)",
					"@executable_path/Frameworks",
					"@executable_path/../../Frameworks",
					"@executable_path/../../../../Frameworks",
				);
				MARKETING_VERSION = 1.0;
				PRODUCT_BUNDLE_IDENTIFIER = com.patrykdanielewicz.WinCounter.watchkitapp.WinCounterComplication;
				PRODUCT_NAME = "$(TARGET_NAME)";
				SDKROOT = watchos;
				SKIP_INSTALL = YES;
				SWIFT_EMIT_LOC_STRINGS = YES;
				SWIFT_VERSION = 5.0;
				TARGETED_DEVICE_FAMILY = 4;
				WATCHOS_DEPLOYMENT_TARGET = 11.2;
			};
			name = Release;
		};
		60AFA7042D3FADE00065A4AC /* Debug */ = {
			isa = XCBuildConfiguration;
			buildSettings = {
				ASSETCATALOG_COMPILER_APPICON_NAME = AppIcon;
				ASSETCATALOG_COMPILER_GLOBAL_ACCENT_COLOR_NAME = AccentColor;
				CODE_SIGN_ENTITLEMENTS = "AppleWatch/WatchWinCounter Watch App/WatchWinCounter Watch App.entitlements";
				CODE_SIGN_IDENTITY = "Apple Development";
				CODE_SIGN_STYLE = Automatic;
				CURRENT_PROJECT_VERSION = 2;
				DEVELOPMENT_ASSET_PATHS = "\"AppleWatch/WatchWinCounter Watch App/Preview Content\"";
				DEVELOPMENT_TEAM = 24YMS45SS2;
				ENABLE_PREVIEWS = YES;
				GENERATE_INFOPLIST_FILE = YES;
				INFOPLIST_FILE = "WatchWinCounter-Watch-App-Info.plist";
				INFOPLIST_KEY_CFBundleDisplayName = WatchWinCounter;
				INFOPLIST_KEY_UISupportedInterfaceOrientations = "UIInterfaceOrientationPortrait UIInterfaceOrientationPortraitUpsideDown";
				INFOPLIST_KEY_WKCompanionAppBundleIdentifier = com.patrykdanielewicz.WinCounter;
				LD_RUNPATH_SEARCH_PATHS = (
					"$(inherited)",
					"@executable_path/Frameworks",
				);
				MARKETING_VERSION = 1.0;
				PRODUCT_BUNDLE_IDENTIFIER = com.patrykdanielewicz.WinCounter.watchkitapp;
				PRODUCT_NAME = "$(TARGET_NAME)";
				SDKROOT = watchos;
				SKIP_INSTALL = YES;
				SWIFT_EMIT_LOC_STRINGS = YES;
				SWIFT_VERSION = 5.0;
				TARGETED_DEVICE_FAMILY = 4;
				WATCHOS_DEPLOYMENT_TARGET = 10.6;
			};
			name = Debug;
		};
		60AFA7052D3FADE00065A4AC /* Release */ = {
			isa = XCBuildConfiguration;
			buildSettings = {
				ASSETCATALOG_COMPILER_APPICON_NAME = AppIcon;
				ASSETCATALOG_COMPILER_GLOBAL_ACCENT_COLOR_NAME = AccentColor;
				CODE_SIGN_ENTITLEMENTS = "AppleWatch/WatchWinCounter Watch App/WatchWinCounter Watch App.entitlements";
				CODE_SIGN_IDENTITY = "Apple Development";
				CODE_SIGN_STYLE = Automatic;
				CURRENT_PROJECT_VERSION = 2;
				DEVELOPMENT_ASSET_PATHS = "\"AppleWatch/WatchWinCounter Watch App/Preview Content\"";
				DEVELOPMENT_TEAM = 24YMS45SS2;
				ENABLE_PREVIEWS = YES;
				GENERATE_INFOPLIST_FILE = YES;
				INFOPLIST_FILE = "WatchWinCounter-Watch-App-Info.plist";
				INFOPLIST_KEY_CFBundleDisplayName = WatchWinCounter;
				INFOPLIST_KEY_UISupportedInterfaceOrientations = "UIInterfaceOrientationPortrait UIInterfaceOrientationPortraitUpsideDown";
				INFOPLIST_KEY_WKCompanionAppBundleIdentifier = com.patrykdanielewicz.WinCounter;
				LD_RUNPATH_SEARCH_PATHS = (
					"$(inherited)",
					"@executable_path/Frameworks",
				);
				MARKETING_VERSION = 1.0;
				PRODUCT_BUNDLE_IDENTIFIER = com.patrykdanielewicz.WinCounter.watchkitapp;
				PRODUCT_NAME = "$(TARGET_NAME)";
				SDKROOT = watchos;
				SKIP_INSTALL = YES;
				SWIFT_EMIT_LOC_STRINGS = YES;
				SWIFT_VERSION = 5.0;
				TARGETED_DEVICE_FAMILY = 4;
				WATCHOS_DEPLOYMENT_TARGET = 10.6;
			};
			name = Release;
		};
/* End XCBuildConfiguration section */

/* Begin XCConfigurationList section */
		60152CCF2D37D32A003FA341 /* Build configuration list for PBXProject "WinCounter" */ = {
			isa = XCConfigurationList;
			buildConfigurations = (
				60152CE02D37D32B003FA341 /* Debug */,
				60152CE12D37D32B003FA341 /* Release */,
			);
			defaultConfigurationIsVisible = 0;
			defaultConfigurationName = Release;
		};
		60152CE22D37D32B003FA341 /* Build configuration list for PBXNativeTarget "WinCounter" */ = {
			isa = XCConfigurationList;
			buildConfigurations = (
				60152CE32D37D32B003FA341 /* Debug */,
				60152CE42D37D32B003FA341 /* Release */,
			);
			defaultConfigurationIsVisible = 0;
			defaultConfigurationName = Release;
		};
		60A514802D43DF07000B5F63 /* Build configuration list for PBXNativeTarget "WinCounterComplicationExtension" */ = {
			isa = XCConfigurationList;
			buildConfigurations = (
				60A514812D43DF07000B5F63 /* Debug */,
				60A514822D43DF07000B5F63 /* Release */,
			);
			defaultConfigurationIsVisible = 0;
			defaultConfigurationName = Release;
		};
		60AFA7032D3FADE00065A4AC /* Build configuration list for PBXNativeTarget "WatchWinCounter Watch App" */ = {
			isa = XCConfigurationList;
			buildConfigurations = (
				60AFA7042D3FADE00065A4AC /* Debug */,
				60AFA7052D3FADE00065A4AC /* Release */,
			);
			defaultConfigurationIsVisible = 0;
			defaultConfigurationName = Release;
		};
/* End XCConfigurationList section */
	};
	rootObject = 60152CCC2D37D32A003FA341 /* Project object */;
}
